// !$*UTF8*$!
{
	archiveVersion = 1;
	classes = {
	};
	objectVersion = 48;
	objects = {

/* Begin PBXBuildFile section */
		549F8DCC2066A9A50089EBB5 /* AppDelegate.swift in Sources */ = {isa = PBXBuildFile; fileRef = 549F8DCB2066A9A50089EBB5 /* AppDelegate.swift */; };
		549F8DCE2066A9A50089EBB5 /* ViewController.swift in Sources */ = {isa = PBXBuildFile; fileRef = 549F8DCD2066A9A50089EBB5 /* ViewController.swift */; };
		549F8DD12066A9A50089EBB5 /* Main.storyboard in Resources */ = {isa = PBXBuildFile; fileRef = 549F8DCF2066A9A50089EBB5 /* Main.storyboard */; };
		549F8DD32066A9A50089EBB5 /* Assets.xcassets in Resources */ = {isa = PBXBuildFile; fileRef = 549F8DD22066A9A50089EBB5 /* Assets.xcassets */; };
		549F8DD62066A9A50089EBB5 /* LaunchScreen.storyboard in Resources */ = {isa = PBXBuildFile; fileRef = 549F8DD42066A9A50089EBB5 /* LaunchScreen.storyboard */; };
		549F8DE12066A9A50089EBB5 /* FBAuthenticationTests.swift in Sources */ = {isa = PBXBuildFile; fileRef = 549F8DE02066A9A50089EBB5 /* FBAuthenticationTests.swift */; };
		549F8DEC2066A9A50089EBB5 /* FBAuthenticationUITests.swift in Sources */ = {isa = PBXBuildFile; fileRef = 549F8DEB2066A9A50089EBB5 /* FBAuthenticationUITests.swift */; };
		54D67FC02066AB4E00BECD93 /* GoogleService-Info.plist in Resources */ = {isa = PBXBuildFile; fileRef = 54D67FBF2066AB4E00BECD93 /* GoogleService-Info.plist */; };
		54D67FC22066AED400BECD93 /* SignInViewController.swift in Sources */ = {isa = PBXBuildFile; fileRef = 54D67FC12066AED400BECD93 /* SignInViewController.swift */; };
		74827222EB3FB2A72A6203ED /* Pods_FBAuthentication.framework in Frameworks */ = {isa = PBXBuildFile; fileRef = 118232D6C12C477E489DD427 /* Pods_FBAuthentication.framework */; };
		B4F3F545B4D21483B8D0CA58 /* Pods_FBAuthenticationUITests.framework in Frameworks */ = {isa = PBXBuildFile; fileRef = ED91ACBEDBC246C540ADA4D3 /* Pods_FBAuthenticationUITests.framework */; };
		E97965C392521A15C0D9B3DE /* Pods_FBAuthenticationTests.framework in Frameworks */ = {isa = PBXBuildFile; fileRef = 900DAEF94912E0B68F500799 /* Pods_FBAuthenticationTests.framework */; };
/* End PBXBuildFile section */

/* Begin PBXContainerItemProxy section */
		549F8DDD2066A9A50089EBB5 /* PBXContainerItemProxy */ = {
			isa = PBXContainerItemProxy;
			containerPortal = 549F8DC02066A9A50089EBB5 /* Project object */;
			proxyType = 1;
			remoteGlobalIDString = 549F8DC72066A9A50089EBB5;
			remoteInfo = FBAuthentication;
		};
		549F8DE82066A9A50089EBB5 /* PBXContainerItemProxy */ = {
			isa = PBXContainerItemProxy;
			containerPortal = 549F8DC02066A9A50089EBB5 /* Project object */;
			proxyType = 1;
			remoteGlobalIDString = 549F8DC72066A9A50089EBB5;
			remoteInfo = FBAuthentication;
		};
/* End PBXContainerItemProxy section */

/* Begin PBXFileReference section */
		118232D6C12C477E489DD427 /* Pods_FBAuthentication.framework */ = {isa = PBXFileReference; explicitFileType = wrapper.framework; includeInIndex = 0; path = Pods_FBAuthentication.framework; sourceTree = BUILT_PRODUCTS_DIR; };
		296A400EF63AA94B5EA50B7A /* Pods-FBAuthenticationTests.release.xcconfig */ = {isa = PBXFileReference; includeInIndex = 1; lastKnownFileType = text.xcconfig; name = "Pods-FBAuthenticationTests.release.xcconfig"; path = "Pods/Target Support Files/Pods-FBAuthenticationTests/Pods-FBAuthenticationTests.release.xcconfig"; sourceTree = "<group>"; };
		37A8A526F20F245B28D1E6C1 /* Pods-FBAuthenticationUITests.debug.xcconfig */ = {isa = PBXFileReference; includeInIndex = 1; lastKnownFileType = text.xcconfig; name = "Pods-FBAuthenticationUITests.debug.xcconfig"; path = "Pods/Target Support Files/Pods-FBAuthenticationUITests/Pods-FBAuthenticationUITests.debug.xcconfig"; sourceTree = "<group>"; };
		43B0612501BCFAF4C5C23BD6 /* Pods-FBAuthenticationUITests.release.xcconfig */ = {isa = PBXFileReference; includeInIndex = 1; lastKnownFileType = text.xcconfig; name = "Pods-FBAuthenticationUITests.release.xcconfig"; path = "Pods/Target Support Files/Pods-FBAuthenticationUITests/Pods-FBAuthenticationUITests.release.xcconfig"; sourceTree = "<group>"; };
		549F8DC82066A9A50089EBB5 /* FBAuthentication.app */ = {isa = PBXFileReference; explicitFileType = wrapper.application; includeInIndex = 0; path = FBAuthentication.app; sourceTree = BUILT_PRODUCTS_DIR; };
		549F8DCB2066A9A50089EBB5 /* AppDelegate.swift */ = {isa = PBXFileReference; lastKnownFileType = sourcecode.swift; path = AppDelegate.swift; sourceTree = "<group>"; };
		549F8DCD2066A9A50089EBB5 /* ViewController.swift */ = {isa = PBXFileReference; lastKnownFileType = sourcecode.swift; path = ViewController.swift; sourceTree = "<group>"; };
		549F8DD02066A9A50089EBB5 /* Base */ = {isa = PBXFileReference; lastKnownFileType = file.storyboard; name = Base; path = Base.lproj/Main.storyboard; sourceTree = "<group>"; };
		549F8DD22066A9A50089EBB5 /* Assets.xcassets */ = {isa = PBXFileReference; lastKnownFileType = folder.assetcatalog; path = Assets.xcassets; sourceTree = "<group>"; };
		549F8DD52066A9A50089EBB5 /* Base */ = {isa = PBXFileReference; lastKnownFileType = file.storyboard; name = Base; path = Base.lproj/LaunchScreen.storyboard; sourceTree = "<group>"; };
		549F8DD72066A9A50089EBB5 /* Info.plist */ = {isa = PBXFileReference; lastKnownFileType = text.plist.xml; path = Info.plist; sourceTree = "<group>"; };
		549F8DDC2066A9A50089EBB5 /* FBAuthenticationTests.xctest */ = {isa = PBXFileReference; explicitFileType = wrapper.cfbundle; includeInIndex = 0; path = FBAuthenticationTests.xctest; sourceTree = BUILT_PRODUCTS_DIR; };
		549F8DE02066A9A50089EBB5 /* FBAuthenticationTests.swift */ = {isa = PBXFileReference; lastKnownFileType = sourcecode.swift; path = FBAuthenticationTests.swift; sourceTree = "<group>"; };
		549F8DE22066A9A50089EBB5 /* Info.plist */ = {isa = PBXFileReference; lastKnownFileType = text.plist.xml; path = Info.plist; sourceTree = "<group>"; };
		549F8DE72066A9A50089EBB5 /* FBAuthenticationUITests.xctest */ = {isa = PBXFileReference; explicitFileType = wrapper.cfbundle; includeInIndex = 0; path = FBAuthenticationUITests.xctest; sourceTree = BUILT_PRODUCTS_DIR; };
		549F8DEB2066A9A50089EBB5 /* FBAuthenticationUITests.swift */ = {isa = PBXFileReference; lastKnownFileType = sourcecode.swift; path = FBAuthenticationUITests.swift; sourceTree = "<group>"; };
		549F8DED2066A9A50089EBB5 /* Info.plist */ = {isa = PBXFileReference; lastKnownFileType = text.plist.xml; path = Info.plist; sourceTree = "<group>"; };
		54D67FBF2066AB4E00BECD93 /* GoogleService-Info.plist */ = {isa = PBXFileReference; fileEncoding = 4; lastKnownFileType = text.plist.xml; name = "GoogleService-Info.plist"; path = "../../Downloads/GoogleService-Info.plist"; sourceTree = "<group>"; };
		54D67FC12066AED400BECD93 /* SignInViewController.swift */ = {isa = PBXFileReference; lastKnownFileType = sourcecode.swift; path = SignInViewController.swift; sourceTree = "<group>"; };
		6EDE06CCDB12923F48B2DDE5 /* Pods-FBAuthentication.release.xcconfig */ = {isa = PBXFileReference; includeInIndex = 1; lastKnownFileType = text.xcconfig; name = "Pods-FBAuthentication.release.xcconfig"; path = "Pods/Target Support Files/Pods-FBAuthentication/Pods-FBAuthentication.release.xcconfig"; sourceTree = "<group>"; };
		89EEDDD5679CB898FD9CDE9B /* Pods-FBAuthentication.debug.xcconfig */ = {isa = PBXFileReference; includeInIndex = 1; lastKnownFileType = text.xcconfig; name = "Pods-FBAuthentication.debug.xcconfig"; path = "Pods/Target Support Files/Pods-FBAuthentication/Pods-FBAuthentication.debug.xcconfig"; sourceTree = "<group>"; };
		900DAEF94912E0B68F500799 /* Pods_FBAuthenticationTests.framework */ = {isa = PBXFileReference; explicitFileType = wrapper.framework; includeInIndex = 0; path = Pods_FBAuthenticationTests.framework; sourceTree = BUILT_PRODUCTS_DIR; };
		C80460806343CFBBF6713967 /* Pods-FBAuthenticationTests.debug.xcconfig */ = {isa = PBXFileReference; includeInIndex = 1; lastKnownFileType = text.xcconfig; name = "Pods-FBAuthenticationTests.debug.xcconfig"; path = "Pods/Target Support Files/Pods-FBAuthenticationTests/Pods-FBAuthenticationTests.debug.xcconfig"; sourceTree = "<group>"; };
		ED91ACBEDBC246C540ADA4D3 /* Pods_FBAuthenticationUITests.framework */ = {isa = PBXFileReference; explicitFileType = wrapper.framework; includeInIndex = 0; path = Pods_FBAuthenticationUITests.framework; sourceTree = BUILT_PRODUCTS_DIR; };
/* End PBXFileReference section */

/* Begin PBXFrameworksBuildPhase section */
		549F8DC52066A9A50089EBB5 /* Frameworks */ = {
			isa = PBXFrameworksBuildPhase;
			buildActionMask = 2147483647;
			files = (
				74827222EB3FB2A72A6203ED /* Pods_FBAuthentication.framework in Frameworks */,
			);
			runOnlyForDeploymentPostprocessing = 0;
		};
		549F8DD92066A9A50089EBB5 /* Frameworks */ = {
			isa = PBXFrameworksBuildPhase;
			buildActionMask = 2147483647;
			files = (
				E97965C392521A15C0D9B3DE /* Pods_FBAuthenticationTests.framework in Frameworks */,
			);
			runOnlyForDeploymentPostprocessing = 0;
		};
		549F8DE42066A9A50089EBB5 /* Frameworks */ = {
			isa = PBXFrameworksBuildPhase;
			buildActionMask = 2147483647;
			files = (
				B4F3F545B4D21483B8D0CA58 /* Pods_FBAuthenticationUITests.framework in Frameworks */,
			);
			runOnlyForDeploymentPostprocessing = 0;
		};
/* End PBXFrameworksBuildPhase section */

/* Begin PBXGroup section */
		1A61CB372E4B13FC20C15EA3 /* Pods */ = {
			isa = PBXGroup;
			children = (
				89EEDDD5679CB898FD9CDE9B /* Pods-FBAuthentication.debug.xcconfig */,
				6EDE06CCDB12923F48B2DDE5 /* Pods-FBAuthentication.release.xcconfig */,
				C80460806343CFBBF6713967 /* Pods-FBAuthenticationTests.debug.xcconfig */,
				296A400EF63AA94B5EA50B7A /* Pods-FBAuthenticationTests.release.xcconfig */,
				37A8A526F20F245B28D1E6C1 /* Pods-FBAuthenticationUITests.debug.xcconfig */,
				43B0612501BCFAF4C5C23BD6 /* Pods-FBAuthenticationUITests.release.xcconfig */,
			);
			name = Pods;
			sourceTree = "<group>";
		};
		549F8DBF2066A9A50089EBB5 = {
			isa = PBXGroup;
			children = (
				549F8DCA2066A9A50089EBB5 /* FBAuthentication */,
				549F8DDF2066A9A50089EBB5 /* FBAuthenticationTests */,
				549F8DEA2066A9A50089EBB5 /* FBAuthenticationUITests */,
				549F8DC92066A9A50089EBB5 /* Products */,
				1A61CB372E4B13FC20C15EA3 /* Pods */,
				6E14101CDF2077121E382ECB /* Frameworks */,
			);
			sourceTree = "<group>";
		};
		549F8DC92066A9A50089EBB5 /* Products */ = {
			isa = PBXGroup;
			children = (
				549F8DC82066A9A50089EBB5 /* FBAuthentication.app */,
				549F8DDC2066A9A50089EBB5 /* FBAuthenticationTests.xctest */,
				549F8DE72066A9A50089EBB5 /* FBAuthenticationUITests.xctest */,
			);
			name = Products;
			sourceTree = "<group>";
		};
		549F8DCA2066A9A50089EBB5 /* FBAuthentication */ = {
			isa = PBXGroup;
			children = (
				54D67FBF2066AB4E00BECD93 /* GoogleService-Info.plist */,
				549F8DCB2066A9A50089EBB5 /* AppDelegate.swift */,
				549F8DCD2066A9A50089EBB5 /* ViewController.swift */,
				549F8DCF2066A9A50089EBB5 /* Main.storyboard */,
				549F8DD22066A9A50089EBB5 /* Assets.xcassets */,
				549F8DD42066A9A50089EBB5 /* LaunchScreen.storyboard */,
				549F8DD72066A9A50089EBB5 /* Info.plist */,
				54D67FC12066AED400BECD93 /* SignInViewController.swift */,
			);
			path = FBAuthentication;
			sourceTree = "<group>";
		};
		549F8DDF2066A9A50089EBB5 /* FBAuthenticationTests */ = {
			isa = PBXGroup;
			children = (
				549F8DE02066A9A50089EBB5 /* FBAuthenticationTests.swift */,
				549F8DE22066A9A50089EBB5 /* Info.plist */,
			);
			path = FBAuthenticationTests;
			sourceTree = "<group>";
		};
		549F8DEA2066A9A50089EBB5 /* FBAuthenticationUITests */ = {
			isa = PBXGroup;
			children = (
				549F8DEB2066A9A50089EBB5 /* FBAuthenticationUITests.swift */,
				549F8DED2066A9A50089EBB5 /* Info.plist */,
			);
			path = FBAuthenticationUITests;
			sourceTree = "<group>";
		};
		6E14101CDF2077121E382ECB /* Frameworks */ = {
			isa = PBXGroup;
			children = (
				118232D6C12C477E489DD427 /* Pods_FBAuthentication.framework */,
				900DAEF94912E0B68F500799 /* Pods_FBAuthenticationTests.framework */,
				ED91ACBEDBC246C540ADA4D3 /* Pods_FBAuthenticationUITests.framework */,
			);
			name = Frameworks;
			sourceTree = "<group>";
		};
/* End PBXGroup section */

/* Begin PBXNativeTarget section */
		549F8DC72066A9A50089EBB5 /* FBAuthentication */ = {
			isa = PBXNativeTarget;
			buildConfigurationList = 549F8DF02066A9A50089EBB5 /* Build configuration list for PBXNativeTarget "FBAuthentication" */;
			buildPhases = (
				AA47AE393DB4A7C6575429BB /* [CP] Check Pods Manifest.lock */,
				549F8DC42066A9A50089EBB5 /* Sources */,
				549F8DC52066A9A50089EBB5 /* Frameworks */,
				549F8DC62066A9A50089EBB5 /* Resources */,
				DDE30BC06C9705B9566FA2D5 /* [CP] Embed Pods Frameworks */,
				8F72E1D663915ADA3474B010 /* [CP] Copy Pods Resources */,
			);
			buildRules = (
			);
			dependencies = (
			);
			name = FBAuthentication;
			productName = FBAuthentication;
			productReference = 549F8DC82066A9A50089EBB5 /* FBAuthentication.app */;
			productType = "com.apple.product-type.application";
		};
		549F8DDB2066A9A50089EBB5 /* FBAuthenticationTests */ = {
			isa = PBXNativeTarget;
			buildConfigurationList = 549F8DF32066A9A50089EBB5 /* Build configuration list for PBXNativeTarget "FBAuthenticationTests" */;
			buildPhases = (
				9BDD3B2ABF9CD277019DDBF5 /* [CP] Check Pods Manifest.lock */,
				549F8DD82066A9A50089EBB5 /* Sources */,
				549F8DD92066A9A50089EBB5 /* Frameworks */,
				549F8DDA2066A9A50089EBB5 /* Resources */,
				AB3C9ABB08BEEE0E85A4A73C /* [CP] Embed Pods Frameworks */,
				5DE40F3651A20F8B4DBCB0CC /* [CP] Copy Pods Resources */,
			);
			buildRules = (
			);
			dependencies = (
				549F8DDE2066A9A50089EBB5 /* PBXTargetDependency */,
			);
			name = FBAuthenticationTests;
			productName = FBAuthenticationTests;
			productReference = 549F8DDC2066A9A50089EBB5 /* FBAuthenticationTests.xctest */;
			productType = "com.apple.product-type.bundle.unit-test";
		};
		549F8DE62066A9A50089EBB5 /* FBAuthenticationUITests */ = {
			isa = PBXNativeTarget;
			buildConfigurationList = 549F8DF62066A9A50089EBB5 /* Build configuration list for PBXNativeTarget "FBAuthenticationUITests" */;
			buildPhases = (
				185087F0010F362E6F8A54E5 /* [CP] Check Pods Manifest.lock */,
				549F8DE32066A9A50089EBB5 /* Sources */,
				549F8DE42066A9A50089EBB5 /* Frameworks */,
				549F8DE52066A9A50089EBB5 /* Resources */,
				4211293D865AE7BC46E704EC /* [CP] Embed Pods Frameworks */,
				9A793A3C444E342B649F1D90 /* [CP] Copy Pods Resources */,
			);
			buildRules = (
			);
			dependencies = (
				549F8DE92066A9A50089EBB5 /* PBXTargetDependency */,
			);
			name = FBAuthenticationUITests;
			productName = FBAuthenticationUITests;
			productReference = 549F8DE72066A9A50089EBB5 /* FBAuthenticationUITests.xctest */;
			productType = "com.apple.product-type.bundle.ui-testing";
		};
/* End PBXNativeTarget section */

/* Begin PBXProject section */
		549F8DC02066A9A50089EBB5 /* Project object */ = {
			isa = PBXProject;
			attributes = {
				LastSwiftUpdateCheck = 0920;
				LastUpgradeCheck = 0920;
				ORGANIZATIONNAME = "Aniruddha Shukla";
				TargetAttributes = {
					549F8DC72066A9A50089EBB5 = {
						CreatedOnToolsVersion = 9.2;
						ProvisioningStyle = Automatic;
					};
					549F8DDB2066A9A50089EBB5 = {
						CreatedOnToolsVersion = 9.2;
						ProvisioningStyle = Automatic;
						TestTargetID = 549F8DC72066A9A50089EBB5;
					};
					549F8DE62066A9A50089EBB5 = {
						CreatedOnToolsVersion = 9.2;
						ProvisioningStyle = Automatic;
						TestTargetID = 549F8DC72066A9A50089EBB5;
					};
				};
			};
			buildConfigurationList = 549F8DC32066A9A50089EBB5 /* Build configuration list for PBXProject "FBAuthentication" */;
			compatibilityVersion = "Xcode 8.0";
			developmentRegion = en;
			hasScannedForEncodings = 0;
			knownRegions = (
				en,
				Base,
			);
			mainGroup = 549F8DBF2066A9A50089EBB5;
			productRefGroup = 549F8DC92066A9A50089EBB5 /* Products */;
			projectDirPath = "";
			projectRoot = "";
			targets = (
				549F8DC72066A9A50089EBB5 /* FBAuthentication */,
				549F8DDB2066A9A50089EBB5 /* FBAuthenticationTests */,
				549F8DE62066A9A50089EBB5 /* FBAuthenticationUITests */,
			);
		};
/* End PBXProject section */

/* Begin PBXResourcesBuildPhase section */
		549F8DC62066A9A50089EBB5 /* Resources */ = {
			isa = PBXResourcesBuildPhase;
			buildActionMask = 2147483647;
			files = (
				549F8DD62066A9A50089EBB5 /* LaunchScreen.storyboard in Resources */,
				54D67FC02066AB4E00BECD93 /* GoogleService-Info.plist in Resources */,
				549F8DD32066A9A50089EBB5 /* Assets.xcassets in Resources */,
				549F8DD12066A9A50089EBB5 /* Main.storyboard in Resources */,
			);
			runOnlyForDeploymentPostprocessing = 0;
		};
		549F8DDA2066A9A50089EBB5 /* Resources */ = {
			isa = PBXResourcesBuildPhase;
			buildActionMask = 2147483647;
			files = (
			);
			runOnlyForDeploymentPostprocessing = 0;
		};
		549F8DE52066A9A50089EBB5 /* Resources */ = {
			isa = PBXResourcesBuildPhase;
			buildActionMask = 2147483647;
			files = (
			);
			runOnlyForDeploymentPostprocessing = 0;
		};
/* End PBXResourcesBuildPhase section */

/* Begin PBXShellScriptBuildPhase section */
		185087F0010F362E6F8A54E5 /* [CP] Check Pods Manifest.lock */ = {
			isa = PBXShellScriptBuildPhase;
			buildActionMask = 2147483647;
			files = (
			);
			inputPaths = (
				"${PODS_PODFILE_DIR_PATH}/Podfile.lock",
				"${PODS_ROOT}/Manifest.lock",
			);
			name = "[CP] Check Pods Manifest.lock";
			outputPaths = (
				"$(DERIVED_FILE_DIR)/Pods-FBAuthenticationUITests-checkManifestLockResult.txt",
			);
			runOnlyForDeploymentPostprocessing = 0;
			shellPath = /bin/sh;
			shellScript = "diff \"${PODS_PODFILE_DIR_PATH}/Podfile.lock\" \"${PODS_ROOT}/Manifest.lock\" > /dev/null\nif [ $? != 0 ] ; then\n    # print error to STDERR\n    echo \"error: The sandbox is not in sync with the Podfile.lock. Run 'pod install' or update your CocoaPods installation.\" >&2\n    exit 1\nfi\n# This output is used by Xcode 'outputs' to avoid re-running this script phase.\necho \"SUCCESS\" > \"${SCRIPT_OUTPUT_FILE_0}\"\n";
			showEnvVarsInLog = 0;
		};
		4211293D865AE7BC46E704EC /* [CP] Embed Pods Frameworks */ = {
			isa = PBXShellScriptBuildPhase;
			buildActionMask = 2147483647;
			files = (
			);
			inputPaths = (
			);
			name = "[CP] Embed Pods Frameworks";
			outputPaths = (
			);
			runOnlyForDeploymentPostprocessing = 0;
			shellPath = /bin/sh;
			shellScript = "\"${SRCROOT}/Pods/Target Support Files/Pods-FBAuthenticationUITests/Pods-FBAuthenticationUITests-frameworks.sh\"\n";
			showEnvVarsInLog = 0;
		};
		5DE40F3651A20F8B4DBCB0CC /* [CP] Copy Pods Resources */ = {
			isa = PBXShellScriptBuildPhase;
			buildActionMask = 2147483647;
			files = (
			);
			inputPaths = (
			);
			name = "[CP] Copy Pods Resources";
			outputPaths = (
			);
			runOnlyForDeploymentPostprocessing = 0;
			shellPath = /bin/sh;
			shellScript = "\"${SRCROOT}/Pods/Target Support Files/Pods-FBAuthenticationTests/Pods-FBAuthenticationTests-resources.sh\"\n";
			showEnvVarsInLog = 0;
		};
		8F72E1D663915ADA3474B010 /* [CP] Copy Pods Resources */ = {
			isa = PBXShellScriptBuildPhase;
			buildActionMask = 2147483647;
			files = (
			);
			inputPaths = (
			);
			name = "[CP] Copy Pods Resources";
			outputPaths = (
			);
			runOnlyForDeploymentPostprocessing = 0;
			shellPath = /bin/sh;
			shellScript = "\"${SRCROOT}/Pods/Target Support Files/Pods-FBAuthentication/Pods-FBAuthentication-resources.sh\"\n";
			showEnvVarsInLog = 0;
		};
		9A793A3C444E342B649F1D90 /* [CP] Copy Pods Resources */ = {
			isa = PBXShellScriptBuildPhase;
			buildActionMask = 2147483647;
			files = (
			);
			inputPaths = (
			);
			name = "[CP] Copy Pods Resources";
			outputPaths = (
			);
			runOnlyForDeploymentPostprocessing = 0;
			shellPath = /bin/sh;
			shellScript = "\"${SRCROOT}/Pods/Target Support Files/Pods-FBAuthenticationUITests/Pods-FBAuthenticationUITests-resources.sh\"\n";
			showEnvVarsInLog = 0;
		};
		9BDD3B2ABF9CD277019DDBF5 /* [CP] Check Pods Manifest.lock */ = {
			isa = PBXShellScriptBuildPhase;
			buildActionMask = 2147483647;
			files = (
			);
			inputPaths = (
				"${PODS_PODFILE_DIR_PATH}/Podfile.lock",
				"${PODS_ROOT}/Manifest.lock",
			);
			name = "[CP] Check Pods Manifest.lock";
			outputPaths = (
				"$(DERIVED_FILE_DIR)/Pods-FBAuthenticationTests-checkManifestLockResult.txt",
			);
			runOnlyForDeploymentPostprocessing = 0;
			shellPath = /bin/sh;
			shellScript = "diff \"${PODS_PODFILE_DIR_PATH}/Podfile.lock\" \"${PODS_ROOT}/Manifest.lock\" > /dev/null\nif [ $? != 0 ] ; then\n    # print error to STDERR\n    echo \"error: The sandbox is not in sync with the Podfile.lock. Run 'pod install' or update your CocoaPods installation.\" >&2\n    exit 1\nfi\n# This output is used by Xcode 'outputs' to avoid re-running this script phase.\necho \"SUCCESS\" > \"${SCRIPT_OUTPUT_FILE_0}\"\n";
			showEnvVarsInLog = 0;
		};
		AA47AE393DB4A7C6575429BB /* [CP] Check Pods Manifest.lock */ = {
			isa = PBXShellScriptBuildPhase;
			buildActionMask = 2147483647;
			files = (
			);
			inputPaths = (
				"${PODS_PODFILE_DIR_PATH}/Podfile.lock",
				"${PODS_ROOT}/Manifest.lock",
			);
			name = "[CP] Check Pods Manifest.lock";
			outputPaths = (
				"$(DERIVED_FILE_DIR)/Pods-FBAuthentication-checkManifestLockResult.txt",
			);
			runOnlyForDeploymentPostprocessing = 0;
			shellPath = /bin/sh;
			shellScript = "diff \"${PODS_PODFILE_DIR_PATH}/Podfile.lock\" \"${PODS_ROOT}/Manifest.lock\" > /dev/null\nif [ $? != 0 ] ; then\n    # print error to STDERR\n    echo \"error: The sandbox is not in sync with the Podfile.lock. Run 'pod install' or update your CocoaPods installation.\" >&2\n    exit 1\nfi\n# This output is used by Xcode 'outputs' to avoid re-running this script phase.\necho \"SUCCESS\" > \"${SCRIPT_OUTPUT_FILE_0}\"\n";
			showEnvVarsInLog = 0;
		};
		AB3C9ABB08BEEE0E85A4A73C /* [CP] Embed Pods Frameworks */ = {
			isa = PBXShellScriptBuildPhase;
			buildActionMask = 2147483647;
			files = (
			);
			inputPaths = (
			);
			name = "[CP] Embed Pods Frameworks";
			outputPaths = (
			);
			runOnlyForDeploymentPostprocessing = 0;
			shellPath = /bin/sh;
			shellScript = "\"${SRCROOT}/Pods/Target Support Files/Pods-FBAuthenticationTests/Pods-FBAuthenticationTests-frameworks.sh\"\n";
			showEnvVarsInLog = 0;
		};
		DDE30BC06C9705B9566FA2D5 /* [CP] Embed Pods Frameworks */ = {
			isa = PBXShellScriptBuildPhase;
			buildActionMask = 2147483647;
			files = (
			);
			inputPaths = (
				"${SRCROOT}/Pods/Target Support Files/Pods-FBAuthentication/Pods-FBAuthentication-frameworks.sh",
				"${BUILT_PRODUCTS_DIR}/GTMSessionFetcher/GTMSessionFetcher.framework",
				"${BUILT_PRODUCTS_DIR}/GoogleToolboxForMac/GoogleToolboxForMac.framework",
				"${BUILT_PRODUCTS_DIR}/nanopb/nanopb.framework",
			);
			name = "[CP] Embed Pods Frameworks";
			outputPaths = (
				"${TARGET_BUILD_DIR}/${FRAMEWORKS_FOLDER_PATH}/GTMSessionFetcher.framework",
				"${TARGET_BUILD_DIR}/${FRAMEWORKS_FOLDER_PATH}/GoogleToolboxForMac.framework",
				"${TARGET_BUILD_DIR}/${FRAMEWORKS_FOLDER_PATH}/nanopb.framework",
			);
			runOnlyForDeploymentPostprocessing = 0;
			shellPath = /bin/sh;
			shellScript = "\"${SRCROOT}/Pods/Target Support Files/Pods-FBAuthentication/Pods-FBAuthentication-frameworks.sh\"\n";
			showEnvVarsInLog = 0;
		};
/* End PBXShellScriptBuildPhase section */

/* Begin PBXSourcesBuildPhase section */
		549F8DC42066A9A50089EBB5 /* Sources */ = {
			isa = PBXSourcesBuildPhase;
			buildActionMask = 2147483647;
			files = (
				549F8DCE2066A9A50089EBB5 /* ViewController.swift in Sources */,
				549F8DCC2066A9A50089EBB5 /* AppDelegate.swift in Sources */,
				54D67FC22066AED400BECD93 /* SignInViewController.swift in Sources */,
			);
			runOnlyForDeploymentPostprocessing = 0;
		};
		549F8DD82066A9A50089EBB5 /* Sources */ = {
			isa = PBXSourcesBuildPhase;
			buildActionMask = 2147483647;
			files = (
				549F8DE12066A9A50089EBB5 /* FBAuthenticationTests.swift in Sources */,
			);
			runOnlyForDeploymentPostprocessing = 0;
		};
		549F8DE32066A9A50089EBB5 /* Sources */ = {
			isa = PBXSourcesBuildPhase;
			buildActionMask = 2147483647;
			files = (
				549F8DEC2066A9A50089EBB5 /* FBAuthenticationUITests.swift in Sources */,
			);
			runOnlyForDeploymentPostprocessing = 0;
		};
/* End PBXSourcesBuildPhase section */

/* Begin PBXTargetDependency section */
		549F8DDE2066A9A50089EBB5 /* PBXTargetDependency */ = {
			isa = PBXTargetDependency;
			target = 549F8DC72066A9A50089EBB5 /* FBAuthentication */;
			targetProxy = 549F8DDD2066A9A50089EBB5 /* PBXContainerItemProxy */;
		};
		549F8DE92066A9A50089EBB5 /* PBXTargetDependency */ = {
			isa = PBXTargetDependency;
			target = 549F8DC72066A9A50089EBB5 /* FBAuthentication */;
			targetProxy = 549F8DE82066A9A50089EBB5 /* PBXContainerItemProxy */;
		};
/* End PBXTargetDependency section */

/* Begin PBXVariantGroup section */
		549F8DCF2066A9A50089EBB5 /* Main.storyboard */ = {
			isa = PBXVariantGroup;
			children = (
				549F8DD02066A9A50089EBB5 /* Base */,
			);
			name = Main.storyboard;
			sourceTree = "<group>";
		};
		549F8DD42066A9A50089EBB5 /* LaunchScreen.storyboard */ = {
			isa = PBXVariantGroup;
			children = (
				549F8DD52066A9A50089EBB5 /* Base */,
			);
			name = LaunchScreen.storyboard;
			sourceTree = "<group>";
		};
/* End PBXVariantGroup section */

/* Begin XCBuildConfiguration section */
		549F8DEE2066A9A50089EBB5 /* Debug */ = {
			isa = XCBuildConfiguration;
			buildSettings = {
				ALWAYS_SEARCH_USER_PATHS = NO;
				CLANG_ANALYZER_NONNULL = YES;
				CLANG_ANALYZER_NUMBER_OBJECT_CONVERSION = YES_AGGRESSIVE;
				CLANG_CXX_LANGUAGE_STANDARD = "gnu++14";
				CLANG_CXX_LIBRARY = "libc++";
				CLANG_ENABLE_MODULES = YES;
				CLANG_ENABLE_OBJC_ARC = YES;
				CLANG_WARN_BLOCK_CAPTURE_AUTORELEASING = YES;
				CLANG_WARN_BOOL_CONVERSION = YES;
				CLANG_WARN_COMMA = YES;
				CLANG_WARN_CONSTANT_CONVERSION = YES;
				CLANG_WARN_DIRECT_OBJC_ISA_USAGE = YES_ERROR;
				CLANG_WARN_DOCUMENTATION_COMMENTS = YES;
				CLANG_WARN_EMPTY_BODY = YES;
				CLANG_WARN_ENUM_CONVERSION = YES;
				CLANG_WARN_INFINITE_RECURSION = YES;
				CLANG_WARN_INT_CONVERSION = YES;
				CLANG_WARN_NON_LITERAL_NULL_CONVERSION = YES;
				CLANG_WARN_OBJC_LITERAL_CONVERSION = YES;
				CLANG_WARN_OBJC_ROOT_CLASS = YES_ERROR;
				CLANG_WARN_RANGE_LOOP_ANALYSIS = YES;
				CLANG_WARN_STRICT_PROTOTYPES = YES;
				CLANG_WARN_SUSPICIOUS_MOVE = YES;
				CLANG_WARN_UNGUARDED_AVAILABILITY = YES_AGGRESSIVE;
				CLANG_WARN_UNREACHABLE_CODE = YES;
				CLANG_WARN__DUPLICATE_METHOD_MATCH = YES;
				CODE_SIGN_IDENTITY = "iPhone Developer";
				COPY_PHASE_STRIP = NO;
				DEBUG_INFORMATION_FORMAT = dwarf;
				ENABLE_STRICT_OBJC_MSGSEND = YES;
				ENABLE_TESTABILITY = YES;
				GCC_C_LANGUAGE_STANDARD = gnu11;
				GCC_DYNAMIC_NO_PIC = NO;
				GCC_NO_COMMON_BLOCKS = YES;
				GCC_OPTIMIZATION_LEVEL = 0;
				GCC_PREPROCESSOR_DEFINITIONS = (
					"DEBUG=1",
					"$(inherited)",
				);
				GCC_WARN_64_TO_32_BIT_CONVERSION = YES;
				GCC_WARN_ABOUT_RETURN_TYPE = YES_ERROR;
				GCC_WARN_UNDECLARED_SELECTOR = YES;
				GCC_WARN_UNINITIALIZED_AUTOS = YES_AGGRESSIVE;
				GCC_WARN_UNUSED_FUNCTION = YES;
				GCC_WARN_UNUSED_VARIABLE = YES;
				IPHONEOS_DEPLOYMENT_TARGET = 11.2;
				MTL_ENABLE_DEBUG_INFO = YES;
				ONLY_ACTIVE_ARCH = YES;
				SDKROOT = iphoneos;
				SWIFT_ACTIVE_COMPILATION_CONDITIONS = DEBUG;
				SWIFT_OPTIMIZATION_LEVEL = "-Onone";
			};
			name = Debug;
		};
		549F8DEF2066A9A50089EBB5 /* Release */ = {
			isa = XCBuildConfiguration;
			buildSettings = {
				ALWAYS_SEARCH_USER_PATHS = NO;
				CLANG_ANALYZER_NONNULL = YES;
				CLANG_ANALYZER_NUMBER_OBJECT_CONVERSION = YES_AGGRESSIVE;
				CLANG_CXX_LANGUAGE_STANDARD = "gnu++14";
				CLANG_CXX_LIBRARY = "libc++";
				CLANG_ENABLE_MODULES = YES;
				CLANG_ENABLE_OBJC_ARC = YES;
				CLANG_WARN_BLOCK_CAPTURE_AUTORELEASING = YES;
				CLANG_WARN_BOOL_CONVERSION = YES;
				CLANG_WARN_COMMA = YES;
				CLANG_WARN_CONSTANT_CONVERSION = YES;
				CLANG_WARN_DIRECT_OBJC_ISA_USAGE = YES_ERROR;
				CLANG_WARN_DOCUMENTATION_COMMENTS = YES;
				CLANG_WARN_EMPTY_BODY = YES;
				CLANG_WARN_ENUM_CONVERSION = YES;
				CLANG_WARN_INFINITE_RECURSION = YES;
				CLANG_WARN_INT_CONVERSION = YES;
				CLANG_WARN_NON_LITERAL_NULL_CONVERSION = YES;
				CLANG_WARN_OBJC_LITERAL_CONVERSION = YES;
				CLANG_WARN_OBJC_ROOT_CLASS = YES_ERROR;
				CLANG_WARN_RANGE_LOOP_ANALYSIS = YES;
				CLANG_WARN_STRICT_PROTOTYPES = YES;
				CLANG_WARN_SUSPICIOUS_MOVE = YES;
				CLANG_WARN_UNGUARDED_AVAILABILITY = YES_AGGRESSIVE;
				CLANG_WARN_UNREACHABLE_CODE = YES;
				CLANG_WARN__DUPLICATE_METHOD_MATCH = YES;
				CODE_SIGN_IDENTITY = "iPhone Developer";
				COPY_PHASE_STRIP = NO;
				DEBUG_INFORMATION_FORMAT = "dwarf-with-dsym";
				ENABLE_NS_ASSERTIONS = NO;
				ENABLE_STRICT_OBJC_MSGSEND = YES;
				GCC_C_LANGUAGE_STANDARD = gnu11;
				GCC_NO_COMMON_BLOCKS = YES;
				GCC_WARN_64_TO_32_BIT_CONVERSION = YES;
				GCC_WARN_ABOUT_RETURN_TYPE = YES_ERROR;
				GCC_WARN_UNDECLARED_SELECTOR = YES;
				GCC_WARN_UNINITIALIZED_AUTOS = YES_AGGRESSIVE;
				GCC_WARN_UNUSED_FUNCTION = YES;
				GCC_WARN_UNUSED_VARIABLE = YES;
				IPHONEOS_DEPLOYMENT_TARGET = 11.2;
				MTL_ENABLE_DEBUG_INFO = NO;
				SDKROOT = iphoneos;
				SWIFT_OPTIMIZATION_LEVEL = "-Owholemodule";
				VALIDATE_PRODUCT = YES;
			};
			name = Release;
		};
		549F8DF12066A9A50089EBB5 /* Debug */ = {
			isa = XCBuildConfiguration;
			baseConfigurationReference = 89EEDDD5679CB898FD9CDE9B /* Pods-FBAuthentication.debug.xcconfig */;
			buildSettings = {
				ASSETCATALOG_COMPILER_APPICON_NAME = AppIcon;
				CODE_SIGN_STYLE = Automatic;
				DEVELOPMENT_TEAM = QP6QQPA4KA;
				INFOPLIST_FILE = FBAuthentication/Info.plist;
				LD_RUNPATH_SEARCH_PATHS = "$(inherited) @executable_path/Frameworks";
				PRODUCT_BUNDLE_IDENTIFIER = com.aniruddhashukla.com.FBAuthentication;
				PRODUCT_NAME = "$(TARGET_NAME)";
				SWIFT_VERSION = 4.0;
				TARGETED_DEVICE_FAMILY = "1,2";
			};
			name = Debug;
		};
		549F8DF22066A9A50089EBB5 /* Release */ = {
			isa = XCBuildConfiguration;
			baseConfigurationReference = 6EDE06CCDB12923F48B2DDE5 /* Pods-FBAuthentication.release.xcconfig */;
			buildSettings = {
				ASSETCATALOG_COMPILER_APPICON_NAME = AppIcon;
				CODE_SIGN_STYLE = Automatic;
				DEVELOPMENT_TEAM = QP6QQPA4KA;
				INFOPLIST_FILE = FBAuthentication/Info.plist;
				LD_RUNPATH_SEARCH_PATHS = "$(inherited) @executable_path/Frameworks";
				PRODUCT_BUNDLE_IDENTIFIER = com.aniruddhashukla.com.FBAuthentication;
				PRODUCT_NAME = "$(TARGET_NAME)";
				SWIFT_VERSION = 4.0;
				TARGETED_DEVICE_FAMILY = "1,2";
			};
			name = Release;
		};
		549F8DF42066A9A50089EBB5 /* Debug */ = {
			isa = XCBuildConfiguration;
			baseConfigurationReference = C80460806343CFBBF6713967 /* Pods-FBAuthenticationTests.debug.xcconfig */;
			buildSettings = {
				ALWAYS_EMBED_SWIFT_STANDARD_LIBRARIES = YES;
				BUNDLE_LOADER = "$(TEST_HOST)";
				CODE_SIGN_STYLE = Automatic;
				DEVELOPMENT_TEAM = QP6QQPA4KA;
				INFOPLIST_FILE = FBAuthenticationTests/Info.plist;
				LD_RUNPATH_SEARCH_PATHS = "$(inherited) @executable_path/Frameworks @loader_path/Frameworks";
				PRODUCT_BUNDLE_IDENTIFIER = com.aniruddhashukla.com.FBAuthenticationTests;
				PRODUCT_NAME = "$(TARGET_NAME)";
				SWIFT_VERSION = 4.0;
				TARGETED_DEVICE_FAMILY = "1,2";
				TEST_HOST = "$(BUILT_PRODUCTS_DIR)/FBAuthentication.app/FBAuthentication";
			};
			name = Debug;
		};
		549F8DF52066A9A50089EBB5 /* Release */ = {
			isa = XCBuildConfiguration;
			baseConfigurationReference = 296A400EF63AA94B5EA50B7A /* Pods-FBAuthenticationTests.release.xcconfig */;
			buildSettings = {
				ALWAYS_EMBED_SWIFT_STANDARD_LIBRARIES = YES;
				BUNDLE_LOADER = "$(TEST_HOST)";
				CODE_SIGN_STYLE = Automatic;
				DEVELOPMENT_TEAM = QP6QQPA4KA;
				INFOPLIST_FILE = FBAuthenticationTests/Info.plist;
				LD_RUNPATH_SEARCH_PATHS = "$(inherited) @executable_path/Frameworks @loader_path/Frameworks";
				PRODUCT_BUNDLE_IDENTIFIER = com.aniruddhashukla.com.FBAuthenticationTests;
				PRODUCT_NAME = "$(TARGET_NAME)";
				SWIFT_VERSION = 4.0;
				TARGETED_DEVICE_FAMILY = "1,2";
				TEST_HOST = "$(BUILT_PRODUCTS_DIR)/FBAuthentication.app/FBAuthentication";
			};
			name = Release;
		};
		549F8DF72066A9A50089EBB5 /* Debug */ = {
			isa = XCBuildConfiguration;
			baseConfigurationReference = 37A8A526F20F245B28D1E6C1 /* Pods-FBAuthenticationUITests.debug.xcconfig */;
			buildSettings = {
				ALWAYS_EMBED_SWIFT_STANDARD_LIBRARIES = YES;
				CODE_SIGN_STYLE = Automatic;
				DEVELOPMENT_TEAM = QP6QQPA4KA;
				INFOPLIST_FILE = FBAuthenticationUITests/Info.plist;
				LD_RUNPATH_SEARCH_PATHS = "$(inherited) @executable_path/Frameworks @loader_path/Frameworks";
				PRODUCT_BUNDLE_IDENTIFIER = com.aniruddhashukla.com.FBAuthenticationUITests;
				PRODUCT_NAME = "$(TARGET_NAME)";
				SWIFT_VERSION = 4.0;
				TARGETED_DEVICE_FAMILY = "1,2";
				TEST_TARGET_NAME = FBAuthentication;
			};
			name = Debug;
		};
		549F8DF82066A9A50089EBB5 /* Release */ = {
			isa = XCBuildConfiguration;
			baseConfigurationReference = 43B0612501BCFAF4C5C23BD6 /* Pods-FBAuthenticationUITests.release.xcconfig */;
			buildSettings = {
				ALWAYS_EMBED_SWIFT_STANDARD_LIBRARIES = YES;
				CODE_SIGN_STYLE = Automatic;
				DEVELOPMENT_TEAM = QP6QQPA4KA;
				INFOPLIST_FILE = FBAuthenticationUITests/Info.plist;
				LD_RUNPATH_SEARCH_PATHS = "$(inherited) @executable_path/Frameworks @loader_path/Frameworks";
				PRODUCT_BUNDLE_IDENTIFIER = com.aniruddhashukla.com.FBAuthenticationUITests;
				PRODUCT_NAME = "$(TARGET_NAME)";
				SWIFT_VERSION = 4.0;
				TARGETED_DEVICE_FAMILY = "1,2";
				TEST_TARGET_NAME = FBAuthentication;
			};
			name = Release;
		};
/* End XCBuildConfiguration section */

/* Begin XCConfigurationList section */
		549F8DC32066A9A50089EBB5 /* Build configuration list for PBXProject "FBAuthentication" */ = {
			isa = XCConfigurationList;
			buildConfigurations = (
				549F8DEE2066A9A50089EBB5 /* Debug */,
				549F8DEF2066A9A50089EBB5 /* Release */,
			);
			defaultConfigurationIsVisible = 0;
			defaultConfigurationName = Release;
		};
		549F8DF02066A9A50089EBB5 /* Build configuration list for PBXNativeTarget "FBAuthentication" */ = {
			isa = XCConfigurationList;
			buildConfigurations = (
				549F8DF12066A9A50089EBB5 /* Debug */,
				549F8DF22066A9A50089EBB5 /* Release */,
			);
			defaultConfigurationIsVisible = 0;
			defaultConfigurationName = Release;
		};
		549F8DF32066A9A50089EBB5 /* Build configuration list for PBXNativeTarget "FBAuthenticationTests" */ = {
			isa = XCConfigurationList;
			buildConfigurations = (
				549F8DF42066A9A50089EBB5 /* Debug */,
				549F8DF52066A9A50089EBB5 /* Release */,
			);
			defaultConfigurationIsVisible = 0;
			defaultConfigurationName = Release;
		};
		549F8DF62066A9A50089EBB5 /* Build configuration list for PBXNativeTarget "FBAuthenticationUITests" */ = {
			isa = XCConfigurationList;
			buildConfigurations = (
				549F8DF72066A9A50089EBB5 /* Debug */,
				549F8DF82066A9A50089EBB5 /* Release */,
			);
			defaultConfigurationIsVisible = 0;
			defaultConfigurationName = Release;
		};
/* End XCConfigurationList section */
	};
	rootObject = 549F8DC02066A9A50089EBB5 /* Project object */;
}
